
Microsoft Visual Studio Solution File, Format Version 12.00
# Visual Studio Version 16
VisualStudioVersion = 16.0.31105.61
MinimumVisualStudioVersion = 10.0.40219.1
Project("{FAE04EC0-301F-11D3-BF4B-00C04F79EFBC}") = "EduHome", "EduHome\EduHome.csproj", "{1B6B5727-C355-45B5-8DFB-D1C15C042107}"
EndProject
Global
	GlobalSection(SolutionConfigurationPlatforms) = preSolution
		Debug|Any CPU = Debug|Any CPU
		Release|Any CPU = Release|Any CPU
	EndGlobalSection
	GlobalSection(ProjectConfigurationPlatforms) = postSolution
		{1B6B5727-C355-45B5-8DFB-D1C15C042107}.Debug|Any CPU.ActiveCfg = Debug|Any CPU
		{1B6B5727-C355-45B5-8DFB-D1C15C042107}.Debug|Any CPU.Build.0 = Debug|Any CPU
		{1B6B5727-C355-45B5-8DFB-D1C15C042107}.Release|Any CPU.ActiveCfg = Release|Any CPU
		{1B6B5727-C355-45B5-8DFB-D1C15C042107}.Release|Any CPU.Build.0 = Release|Any CPU
	EndGlobalSection
	GlobalSection(SolutionProperties) = preSolution
		HideSolutionNode = FALSE
	EndGlobalSection
	GlobalSection(ExtensibilityGlobals) = postSolution
		SolutionGuid = {FC38091D-A83B-4CAB-B811-9CCBC01A8961}
	EndGlobalSection
EndGlobal
